
Microsoft Visual Studio Solution File, Format Version 12.00
# Visual Studio Version 17
VisualStudioVersion = 17.9.34902.65
MinimumVisualStudioVersion = 10.0.40219.1
Project("{FAE04EC0-301F-11D3-BF4B-00C04F79EFBC}") = "ClassAjax", "ClassAjax.csproj", "{C394A2F7-99E9-4335-B791-22D1F46648ED}"
EndProject
Global
	GlobalSection(SolutionConfigurationPlatforms) = preSolution
		Debug|Any CPU = Debug|Any CPU
		Release|Any CPU = Release|Any CPU
	EndGlobalSection
	GlobalSection(ProjectConfigurationPlatforms) = postSolution
		{C394A2F7-99E9-4335-B791-22D1F46648ED}.Debug|Any CPU.ActiveCfg = Debug|Any CPU
		{C394A2F7-99E9-4335-B791-22D1F46648ED}.Debug|Any CPU.Build.0 = Debug|Any CPU
		{C394A2F7-99E9-4335-B791-22D1F46648ED}.Release|Any CPU.ActiveCfg = Release|Any CPU
		{C394A2F7-99E9-4335-B791-22D1F46648ED}.Release|Any CPU.Build.0 = Release|Any CPU
	EndGlobalSection
	GlobalSection(SolutionProperties) = preSolution
		HideSolutionNode = FALSE
	EndGlobalSection
	GlobalSection(ExtensibilityGlobals) = postSolution
		SolutionGuid = {97590988-4E27-4B74-A610-F0056A2403A5}
	EndGlobalSection
EndGlobal
